
Microsoft Visual Studio Solution File, Format Version 12.00
Project("{FAE04EC0-301F-11D3-BF4B-00C04F79EFBC}") = "XUnitExamples.Tests", "XUnitExamples\XUnitExamples.Tests\XUnitExamples.Tests.csproj", "{07B52B01-FD80-4E2A-A2FA-32AD7DE9BAB7}"
EndProject
Project("{2150E333-8FDC-42A3-9474-1A3956D46DE8}") = "XunitExamples", "XunitExamples", "{63C64454-F2DE-4A3F-8766-94B908B8786D}"
EndProject
Global
	GlobalSection(SolutionConfigurationPlatforms) = preSolution
		Debug|Any CPU = Debug|Any CPU
		Release|Any CPU = Release|Any CPU
	EndGlobalSection
	GlobalSection(ProjectConfigurationPlatforms) = postSolution
		{07B52B01-FD80-4E2A-A2FA-32AD7DE9BAB7}.Debug|Any CPU.ActiveCfg = Debug|Any CPU
		{07B52B01-FD80-4E2A-A2FA-32AD7DE9BAB7}.Debug|Any CPU.Build.0 = Debug|Any CPU
		{07B52B01-FD80-4E2A-A2FA-32AD7DE9BAB7}.Release|Any CPU.ActiveCfg = Release|Any CPU
		{07B52B01-FD80-4E2A-A2FA-32AD7DE9BAB7}.Release|Any CPU.Build.0 = Release|Any CPU
	EndGlobalSection
	GlobalSection(NestedProjects) = preSolution
		{07B52B01-FD80-4E2A-A2FA-32AD7DE9BAB7} = {63C64454-F2DE-4A3F-8766-94B908B8786D}
	EndGlobalSection
EndGlobal
