
Microsoft Visual Studio Solution File, Format Version 12.00
# Visual Studio Version 17
VisualStudioVersion = 17.11.35327.3
MinimumVisualStudioVersion = 10.0.40219.1
Project("{9A19103F-16F7-4668-BE54-9A1E7A4F7556}") = "XUnitExamples.Tests", "XUnitExamples\XUnitExamples.Tests\XUnitExamples.Tests.csproj", "{07B52B01-FD80-4E2A-A2FA-32AD7DE9BAB7}"
EndProject
Project("{2150E333-8FDC-42A3-9474-1A3956D46DE8}") = "XunitExamples", "XunitExamples", "{63C64454-F2DE-4A3F-8766-94B908B8786D}"
EndProject
Project("{2150E333-8FDC-42A3-9474-1A3956D46DE8}") = "WebApiIntegrationTestExample", "WebApiIntegrationTestExample", "{FC8D2B6F-7597-430A-AF11-9E3C61CEE9E2}"
EndProject
Project("{9A19103F-16F7-4668-BE54-9A1E7A4F7556}") = "WebApiIntegrationTestExample.WebApi", "XUnitExamples\WebApiIntegrationTestExample\WebApi\WebApiIntegrationTestExample.WebApi.csproj", "{2D40D8E5-0F66-4EBF-A003-8CA6864CF906}"
EndProject
Project("{9A19103F-16F7-4668-BE54-9A1E7A4F7556}") = "WebApiIntegrationTestExample.WebApi.Integration.Tests", "XUnitExamples\WebApiIntegrationTestExample\WebApi.Integration.Tests\WebApiIntegrationTestExample.WebApi.Integration.Tests.csproj", "{41EB3D1A-F2F3-4E36-B518-1889D5B505D0}"
EndProject
Project("{2150E333-8FDC-42A3-9474-1A3956D46DE8}") = "MinimalApiExample", "MinimalApiExample", "{356D94A0-AD12-40C0-834E-7A884CEC429B}"
EndProject
Project("{9A19103F-16F7-4668-BE54-9A1E7A4F7556}") = "MinimalApiExample.WebApi", "MinimalApiExample\WebApi\MinimalApiExample.WebApi.csproj", "{D874F240-0F74-4E33-8967-5008BC357FD5}"
EndProject
Project("{2150E333-8FDC-42A3-9474-1A3956D46DE8}") = "MinimalApiCrudWithDtos", "MinimalApiCrudWithDtos", "{80312DFB-508D-4CAC-B8D2-61CCC9328653}"
EndProject
Project("{9A19103F-16F7-4668-BE54-9A1E7A4F7556}") = "MinimalApiCrudWithDtos.WebApi", "MinimalApiCrudWithDtos\WebApi\MinimalApiCrudWithDtos.WebApi.csproj", "{70A1CE1D-83AB-4039-9A8C-BE3C55480FE0}"
EndProject
Project("{9A19103F-16F7-4668-BE54-9A1E7A4F7556}") = "MinimalApiCrudWithDtos.Application", "MinimalApiCrudWithDtos\Application\MinimalApiCrudWithDtos.Application.csproj", "{D25E5555-FD84-49E6-AFEC-1F9449896D38}"
EndProject
Project("{2150E333-8FDC-42A3-9474-1A3956D46DE8}") = "DesignPatterns", "DesignPatterns", "{F6BFE05D-1AEF-494C-8256-6F0475BB596D}"
EndProject
Project("{9A19103F-16F7-4668-BE54-9A1E7A4F7556}") = "DesignPatterns.Strategy", "DesignPatterns\Strategy\DesignPatterns.Strategy.csproj", "{DEB827F0-904D-4220-ABF7-C0A04C825B14}"
EndProject
Project("{9A19103F-16F7-4668-BE54-9A1E7A4F7556}") = "DesignPatterns.AbstractFactory", "DesignPatterns\AbstractFactory\DesignPatterns.AbstractFactory.csproj", "{7BC73DCE-0BB0-4C31-AA98-9AB2AB67779E}"
EndProject
Project("{9A19103F-16F7-4668-BE54-9A1E7A4F7556}") = "DesignPatterns.AbstractFactory.Tests", "DesignPatterns\AbstractFactory.Tests\DesignPatterns.AbstractFactory.Tests.csproj", "{BDE39E5C-7374-4272-A0B4-95D981DC9566}"
EndProject
Project("{9A19103F-16F7-4668-BE54-9A1E7A4F7556}") = "DesignPatterns.Strategy.DependencyInjection", "DesignPatterns\Stategy.DependencyInjection\DesignPatterns.Strategy.DependencyInjection.csproj", "{9BBA318A-AE9B-452F-AC81-F614A288BBFE}"
EndProject
Project("{9A19103F-16F7-4668-BE54-9A1E7A4F7556}") = "DesignPatterns.Decorator", "DesignPatterns\Decorator\DesignPatterns.Decorator.csproj", "{C9A0F0BA-A2CF-4AC8-BEF3-4CE3B779982A}"
EndProject
Project("{2150E333-8FDC-42A3-9474-1A3956D46DE8}") = "OptionsPattern", "OptionsPattern", "{EC7F8097-05DE-40F7-B0EF-5B220F746842}"
EndProject
Project("{9A19103F-16F7-4668-BE54-9A1E7A4F7556}") = "OptionsPattern.CommonScenarios.WebApi", "OptionsPattern\CommonScenarios\WebApi\OptionsPattern.CommonScenarios.WebApi.csproj", "{C3E95F7B-C9C7-4F2B-B17F-8FCCA992B4BF}"
EndProject
Project("{2150E333-8FDC-42A3-9474-1A3956D46DE8}") = "CommonScenarios", "CommonScenarios", "{E5586B9A-26FD-41F0-801F-42A95E3C34BC}"
EndProject
Project("{9A19103F-16F7-4668-BE54-9A1E7A4F7556}") = "OptionsPattern.OptionsConfiguration.WebApi", "OptionsPattern\OptionsConfiguration\WebApi\OptionsPattern.OptionsConfiguration.WebApi.csproj", "{9CC52536-473C-4A0F-A728-AA8DCF48FB78}"
EndProject
Project("{2150E333-8FDC-42A3-9474-1A3956D46DE8}") = "OptionsConfiguration", "OptionsConfiguration", "{A891B553-F0FB-48CB-AFD3-649DE3BDF30E}"
EndProject
Project("{2150E333-8FDC-42A3-9474-1A3956D46DE8}") = "OptionsValidation", "OptionsValidation", "{23DEFF5D-C647-4C69-BB05-80EBD9B8632A}"
EndProject
Project("{9A19103F-16F7-4668-BE54-9A1E7A4F7556}") = "OptionsPattern.OptionsValidation.OptionsValidationTests", "OptionsPattern\OptionsValidation\OptionsValidationTests\OptionsPattern.OptionsValidation.OptionsValidationTests.csproj", "{BD018643-8FCD-47F1-97DE-465551CFDA38}"
EndProject
Project("{2150E333-8FDC-42A3-9474-1A3956D46DE8}") = "OptionsFluentValidation", "OptionsFluentValidation", "{94FAFF37-5FAF-4447-B029-7AC9D55C384B}"
EndProject
Project("{9A19103F-16F7-4668-BE54-9A1E7A4F7556}") = "OptionsPattern.OptionsFluentValidation.WebApi", "OptionsPattern\OptionsFluentValidation\WebApi\OptionsPattern.OptionsFluentValidation.WebApi.csproj", "{73A36B0B-E88A-4552-843C-C469EE83FB0F}"
EndProject
Project("{2150E333-8FDC-42A3-9474-1A3956D46DE8}") = "CentralizingConfiguration", "CentralizingConfiguration", "{77092EBC-F4A8-49C3-9327-54517DE0033B}"
EndProject
Project("{9A19103F-16F7-4668-BE54-9A1E7A4F7556}") = "OptionsPattern.CentralizingConfiguration.WebApi", "OptionsPattern\CentralizingConfiguration\WebApi\OptionsPattern.CentralizingConfiguration.WebApi.csproj", "{F276E5DA-C582-458C-99B8-35705F30A04A}"
EndProject
Project("{2150E333-8FDC-42A3-9474-1A3956D46DE8}") = "ConfigurationGenerators", "ConfigurationGenerators", "{DA47E686-7BB0-4A6E-B732-4E9327C9D90E}"
EndProject
Project("{9A19103F-16F7-4668-BE54-9A1E7A4F7556}") = "OptionsPattern.ConfigurationGenerators.WebApi", "OptionsPattern\ConfigurationGenerators\WebApi\OptionsPattern.ConfigurationGenerators.WebApi.csproj", "{DE166AC5-0954-458E-99D8-D716401C945E}"
EndProject
Project("{9A19103F-16F7-4668-BE54-9A1E7A4F7556}") = "DesignPatterns.DecoratorUsingScrutor", "DesignPatterns\DecoratorUsingScrutor\DesignPatterns.DecoratorUsingScrutor.csproj", "{958D6469-B6BD-4E58-A8B5-2620CE93E900}"
EndProject
Project("{9A19103F-16F7-4668-BE54-9A1E7A4F7556}") = "DesignPatterns.Decorator.Integration.Tests", "DesignPatterns\Decorator.Integration.Tests\DesignPatterns.Decorator.Integration.Tests.csproj", "{DA3D31A3-A1C1-47D5-B2F5-4F860CF2379D}"
EndProject
Project("{9A19103F-16F7-4668-BE54-9A1E7A4F7556}") = "DesignPatterns.DecoratorUsingScrutor.Integration.Tests", "DesignPatterns\DecoratorUsingScrutor.Integration.Tests\DesignPatterns.DecoratorUsingScrutor.Integration.Tests.csproj", "{C9E193CB-09FC-408C-9655-64A3CD2DB502}"
EndProject
Project("{2150E333-8FDC-42A3-9474-1A3956D46DE8}") = "CommonPracticePatterns", "CommonPracticePatterns", "{55C49E0D-F7ED-4A87-9D06-05D327CFF84E}"
EndProject
Project("{FAE04EC0-301F-11D3-BF4B-00C04F79EFBC}") = "CommonPracticePatterns.OperationResult", "CommonPracticePatterns\OperationResult\CommonPracticePatterns.OperationResult.csproj", "{C5227B79-301D-414F-BB12-F589CF47387B}"
EndProject
Project("{FAE04EC0-301F-11D3-BF4B-00C04F79EFBC}") = "CommonPracticePatterns.OperationResult.RegistrationApplication", "CommonPracticePatterns\OperationResult.RegistrationApplication\RegistrationApplication\CommonPracticePatterns.OperationResult.RegistrationApplication.csproj", "{62F9A2CC-568F-445C-BA28-69211C035832}"
EndProject
Project("{FAE04EC0-301F-11D3-BF4B-00C04F79EFBC}") = "DesignPatterns.Composite", "DesignPatterns\Composite\DesignPatterns.Composite.csproj", "{6C82B913-761F-4491-8E00-D736F2ABE0C1}"
EndProject
Project("{FAE04EC0-301F-11D3-BF4B-00C04F79EFBC}") = "DesignPatterns.Adapter", "DesignPatterns\Adapter\DesignPatterns.Adapter.csproj", "{147A0F77-500D-4A26-B16D-5F8FAB6FF134}"
EndProject
Project("{FAE04EC0-301F-11D3-BF4B-00C04F79EFBC}") = "DesignPatterns.Facade", "DesignPatterns\Facade\DesignPatterns.Facade.csproj", "{3A369074-D3AE-47F2-A587-C1E359FF12CD}"
EndProject
Project("{FAE04EC0-301F-11D3-BF4B-00C04F79EFBC}") = "DesignPatterns.Facade.OpaqueFacadeSubSystem", "DesignPatterns\Facade.OpaqueFacadeSubSystem\DesignPatterns.Facade.OpaqueFacadeSubSystem.csproj", "{7660E78F-F0B4-4DB1-9F81-EC4E16563FBA}"
EndProject
Project("{FAE04EC0-301F-11D3-BF4B-00C04F79EFBC}") = "DesignPatterns.Facade.TransparentFacadeSubSystem", "DesignPatterns\Facade.TransparentFacadeSubSystem\DesignPatterns.Facade.TransparentFacadeSubSystem.csproj", "{661CB3B2-78D7-47E5-8F29-CA5CA496006D}"
EndProject
Project("{FAE04EC0-301F-11D3-BF4B-00C04F79EFBC}") = "DesignPatterns.TemplateMethod", "DesignPatterns\TemplateMethod\DesignPatterns.TemplateMethod.csproj", "{0E1CEBB8-D3A4-4265-A21B-2DFDB2C6C8B6}"
EndProject
Project("{FAE04EC0-301F-11D3-BF4B-00C04F79EFBC}") = "DesignPatterns.ChainOfRespnsibility", "DesignPatterns\ChainOfRespnsibility\DesignPatterns.ChainOfRespnsibility.csproj", "{36290127-F07E-4FCC-AF30-42A3C92926A3}"
EndProject
Project("{2150E333-8FDC-42A3-9474-1A3956D46DE8}") = "ApplicationPatterns", "ApplicationPatterns", "{B7200BC4-8A8B-4F1E-B6C7-3F6E62CB2697}"
	ProjectSection(SolutionItems) = preProject
		ApplicationPatterns\Application-Patterns.md = ApplicationPatterns\Application-Patterns.md
	EndProjectSection
EndProject
Project("{2150E333-8FDC-42A3-9474-1A3956D46DE8}") = "SystemArchitectureStyles", "SystemArchitectureStyles", "{66EFF83A-0D46-4106-B7D8-A5DB050C853D}"
EndProject
Project("{FAE04EC0-301F-11D3-BF4B-00C04F79EFBC}") = "CleanArchitecture.Web", "ApplicationPatterns\CleanArchitecture\Web\CleanArchitecture.Web.csproj", "{238B56BD-1575-405A-BF5D-A65D290350A9}"
EndProject
Project("{FAE04EC0-301F-11D3-BF4B-00C04F79EFBC}") = "CleanArchitecture.UseCases", "ApplicationPatterns\CleanArchitecture\UseCases\CleanArchitecture.UseCases.csproj", "{5DEF9B92-99C8-4404-AD79-BE0757215A59}"
EndProject
Project("{FAE04EC0-301F-11D3-BF4B-00C04F79EFBC}") = "CleanArchitecture.Core", "ApplicationPatterns\CleanArchitecture\Core\CleanArchitecture.Core.csproj", "{B2BDBB51-2FC2-42A9-A112-82ADDC9035E5}"
EndProject
Project("{FAE04EC0-301F-11D3-BF4B-00C04F79EFBC}") = "CleanArchitecture.Infrastructure", "ApplicationPatterns\CleanArchitecture\Infrastructure\CleanArchitecture.Infrastructure.csproj", "{833E7B6C-0BF3-43FF-BC25-7391533DA8A3}"
EndProject
Project("{2150E333-8FDC-42A3-9474-1A3956D46DE8}") = "CleanArchitecture", "CleanArchitecture", "{5C39F78A-A733-48CB-B232-8E15259D3C9E}"
EndProject
Project("{2150E333-8FDC-42A3-9474-1A3956D46DE8}") = "SharedKernel", "SharedKernel", "{1A30FEB5-69DD-44E0-9A15-09CD03400082}"
EndProject
Project("{FAE04EC0-301F-11D3-BF4B-00C04F79EFBC}") = "SharedKernel.Result", "ApplicationPatterns\SharedKernel\Result\SharedKernel.Result.csproj", "{F92D7BBD-CB7F-4421-83AE-2C0A46B00333}"
EndProject
Global
	GlobalSection(SolutionConfigurationPlatforms) = preSolution
		Debug|Any CPU = Debug|Any CPU
		Release|Any CPU = Release|Any CPU
	EndGlobalSection
	GlobalSection(ProjectConfigurationPlatforms) = postSolution
		{07B52B01-FD80-4E2A-A2FA-32AD7DE9BAB7}.Debug|Any CPU.ActiveCfg = Debug|Any CPU
		{07B52B01-FD80-4E2A-A2FA-32AD7DE9BAB7}.Debug|Any CPU.Build.0 = Debug|Any CPU
		{07B52B01-FD80-4E2A-A2FA-32AD7DE9BAB7}.Release|Any CPU.ActiveCfg = Release|Any CPU
		{07B52B01-FD80-4E2A-A2FA-32AD7DE9BAB7}.Release|Any CPU.Build.0 = Release|Any CPU
		{2D40D8E5-0F66-4EBF-A003-8CA6864CF906}.Debug|Any CPU.ActiveCfg = Debug|Any CPU
		{2D40D8E5-0F66-4EBF-A003-8CA6864CF906}.Debug|Any CPU.Build.0 = Debug|Any CPU
		{2D40D8E5-0F66-4EBF-A003-8CA6864CF906}.Release|Any CPU.ActiveCfg = Release|Any CPU
		{2D40D8E5-0F66-4EBF-A003-8CA6864CF906}.Release|Any CPU.Build.0 = Release|Any CPU
		{41EB3D1A-F2F3-4E36-B518-1889D5B505D0}.Debug|Any CPU.ActiveCfg = Debug|Any CPU
		{41EB3D1A-F2F3-4E36-B518-1889D5B505D0}.Debug|Any CPU.Build.0 = Debug|Any CPU
		{41EB3D1A-F2F3-4E36-B518-1889D5B505D0}.Release|Any CPU.ActiveCfg = Release|Any CPU
		{41EB3D1A-F2F3-4E36-B518-1889D5B505D0}.Release|Any CPU.Build.0 = Release|Any CPU
		{D874F240-0F74-4E33-8967-5008BC357FD5}.Debug|Any CPU.ActiveCfg = Debug|Any CPU
		{D874F240-0F74-4E33-8967-5008BC357FD5}.Debug|Any CPU.Build.0 = Debug|Any CPU
		{D874F240-0F74-4E33-8967-5008BC357FD5}.Release|Any CPU.ActiveCfg = Release|Any CPU
		{D874F240-0F74-4E33-8967-5008BC357FD5}.Release|Any CPU.Build.0 = Release|Any CPU
		{70A1CE1D-83AB-4039-9A8C-BE3C55480FE0}.Debug|Any CPU.ActiveCfg = Debug|Any CPU
		{70A1CE1D-83AB-4039-9A8C-BE3C55480FE0}.Debug|Any CPU.Build.0 = Debug|Any CPU
		{70A1CE1D-83AB-4039-9A8C-BE3C55480FE0}.Release|Any CPU.ActiveCfg = Release|Any CPU
		{70A1CE1D-83AB-4039-9A8C-BE3C55480FE0}.Release|Any CPU.Build.0 = Release|Any CPU
		{D25E5555-FD84-49E6-AFEC-1F9449896D38}.Debug|Any CPU.ActiveCfg = Debug|Any CPU
		{D25E5555-FD84-49E6-AFEC-1F9449896D38}.Debug|Any CPU.Build.0 = Debug|Any CPU
		{D25E5555-FD84-49E6-AFEC-1F9449896D38}.Release|Any CPU.ActiveCfg = Release|Any CPU
		{D25E5555-FD84-49E6-AFEC-1F9449896D38}.Release|Any CPU.Build.0 = Release|Any CPU
		{DEB827F0-904D-4220-ABF7-C0A04C825B14}.Debug|Any CPU.ActiveCfg = Debug|Any CPU
		{DEB827F0-904D-4220-ABF7-C0A04C825B14}.Debug|Any CPU.Build.0 = Debug|Any CPU
		{DEB827F0-904D-4220-ABF7-C0A04C825B14}.Release|Any CPU.ActiveCfg = Release|Any CPU
		{DEB827F0-904D-4220-ABF7-C0A04C825B14}.Release|Any CPU.Build.0 = Release|Any CPU
		{7BC73DCE-0BB0-4C31-AA98-9AB2AB67779E}.Debug|Any CPU.ActiveCfg = Debug|Any CPU
		{7BC73DCE-0BB0-4C31-AA98-9AB2AB67779E}.Debug|Any CPU.Build.0 = Debug|Any CPU
		{7BC73DCE-0BB0-4C31-AA98-9AB2AB67779E}.Release|Any CPU.ActiveCfg = Release|Any CPU
		{7BC73DCE-0BB0-4C31-AA98-9AB2AB67779E}.Release|Any CPU.Build.0 = Release|Any CPU
		{BDE39E5C-7374-4272-A0B4-95D981DC9566}.Debug|Any CPU.ActiveCfg = Debug|Any CPU
		{BDE39E5C-7374-4272-A0B4-95D981DC9566}.Debug|Any CPU.Build.0 = Debug|Any CPU
		{BDE39E5C-7374-4272-A0B4-95D981DC9566}.Release|Any CPU.ActiveCfg = Release|Any CPU
		{BDE39E5C-7374-4272-A0B4-95D981DC9566}.Release|Any CPU.Build.0 = Release|Any CPU
		{9BBA318A-AE9B-452F-AC81-F614A288BBFE}.Debug|Any CPU.ActiveCfg = Debug|Any CPU
		{9BBA318A-AE9B-452F-AC81-F614A288BBFE}.Debug|Any CPU.Build.0 = Debug|Any CPU
		{9BBA318A-AE9B-452F-AC81-F614A288BBFE}.Release|Any CPU.ActiveCfg = Release|Any CPU
		{9BBA318A-AE9B-452F-AC81-F614A288BBFE}.Release|Any CPU.Build.0 = Release|Any CPU
		{C9A0F0BA-A2CF-4AC8-BEF3-4CE3B779982A}.Debug|Any CPU.ActiveCfg = Debug|Any CPU
		{C9A0F0BA-A2CF-4AC8-BEF3-4CE3B779982A}.Debug|Any CPU.Build.0 = Debug|Any CPU
		{C9A0F0BA-A2CF-4AC8-BEF3-4CE3B779982A}.Release|Any CPU.ActiveCfg = Release|Any CPU
		{C9A0F0BA-A2CF-4AC8-BEF3-4CE3B779982A}.Release|Any CPU.Build.0 = Release|Any CPU
		{C3E95F7B-C9C7-4F2B-B17F-8FCCA992B4BF}.Debug|Any CPU.ActiveCfg = Debug|Any CPU
		{C3E95F7B-C9C7-4F2B-B17F-8FCCA992B4BF}.Debug|Any CPU.Build.0 = Debug|Any CPU
		{C3E95F7B-C9C7-4F2B-B17F-8FCCA992B4BF}.Release|Any CPU.ActiveCfg = Release|Any CPU
		{C3E95F7B-C9C7-4F2B-B17F-8FCCA992B4BF}.Release|Any CPU.Build.0 = Release|Any CPU
		{9CC52536-473C-4A0F-A728-AA8DCF48FB78}.Debug|Any CPU.ActiveCfg = Debug|Any CPU
		{9CC52536-473C-4A0F-A728-AA8DCF48FB78}.Debug|Any CPU.Build.0 = Debug|Any CPU
		{9CC52536-473C-4A0F-A728-AA8DCF48FB78}.Release|Any CPU.ActiveCfg = Release|Any CPU
		{9CC52536-473C-4A0F-A728-AA8DCF48FB78}.Release|Any CPU.Build.0 = Release|Any CPU
		{BD018643-8FCD-47F1-97DE-465551CFDA38}.Debug|Any CPU.ActiveCfg = Debug|Any CPU
		{BD018643-8FCD-47F1-97DE-465551CFDA38}.Debug|Any CPU.Build.0 = Debug|Any CPU
		{BD018643-8FCD-47F1-97DE-465551CFDA38}.Release|Any CPU.ActiveCfg = Release|Any CPU
		{BD018643-8FCD-47F1-97DE-465551CFDA38}.Release|Any CPU.Build.0 = Release|Any CPU
		{73A36B0B-E88A-4552-843C-C469EE83FB0F}.Debug|Any CPU.ActiveCfg = Debug|Any CPU
		{73A36B0B-E88A-4552-843C-C469EE83FB0F}.Debug|Any CPU.Build.0 = Debug|Any CPU
		{73A36B0B-E88A-4552-843C-C469EE83FB0F}.Release|Any CPU.ActiveCfg = Release|Any CPU
		{73A36B0B-E88A-4552-843C-C469EE83FB0F}.Release|Any CPU.Build.0 = Release|Any CPU
		{F276E5DA-C582-458C-99B8-35705F30A04A}.Debug|Any CPU.ActiveCfg = Debug|Any CPU
		{F276E5DA-C582-458C-99B8-35705F30A04A}.Debug|Any CPU.Build.0 = Debug|Any CPU
		{F276E5DA-C582-458C-99B8-35705F30A04A}.Release|Any CPU.ActiveCfg = Release|Any CPU
		{F276E5DA-C582-458C-99B8-35705F30A04A}.Release|Any CPU.Build.0 = Release|Any CPU
		{DE166AC5-0954-458E-99D8-D716401C945E}.Debug|Any CPU.ActiveCfg = Debug|Any CPU
		{DE166AC5-0954-458E-99D8-D716401C945E}.Debug|Any CPU.Build.0 = Debug|Any CPU
		{DE166AC5-0954-458E-99D8-D716401C945E}.Release|Any CPU.ActiveCfg = Release|Any CPU
		{DE166AC5-0954-458E-99D8-D716401C945E}.Release|Any CPU.Build.0 = Release|Any CPU
		{958D6469-B6BD-4E58-A8B5-2620CE93E900}.Debug|Any CPU.ActiveCfg = Debug|Any CPU
		{958D6469-B6BD-4E58-A8B5-2620CE93E900}.Debug|Any CPU.Build.0 = Debug|Any CPU
		{958D6469-B6BD-4E58-A8B5-2620CE93E900}.Release|Any CPU.ActiveCfg = Release|Any CPU
		{958D6469-B6BD-4E58-A8B5-2620CE93E900}.Release|Any CPU.Build.0 = Release|Any CPU
		{DA3D31A3-A1C1-47D5-B2F5-4F860CF2379D}.Debug|Any CPU.ActiveCfg = Debug|Any CPU
		{DA3D31A3-A1C1-47D5-B2F5-4F860CF2379D}.Debug|Any CPU.Build.0 = Debug|Any CPU
		{DA3D31A3-A1C1-47D5-B2F5-4F860CF2379D}.Release|Any CPU.ActiveCfg = Release|Any CPU
		{DA3D31A3-A1C1-47D5-B2F5-4F860CF2379D}.Release|Any CPU.Build.0 = Release|Any CPU
		{C9E193CB-09FC-408C-9655-64A3CD2DB502}.Debug|Any CPU.ActiveCfg = Debug|Any CPU
		{C9E193CB-09FC-408C-9655-64A3CD2DB502}.Debug|Any CPU.Build.0 = Debug|Any CPU
		{C9E193CB-09FC-408C-9655-64A3CD2DB502}.Release|Any CPU.ActiveCfg = Release|Any CPU
		{C9E193CB-09FC-408C-9655-64A3CD2DB502}.Release|Any CPU.Build.0 = Release|Any CPU
		{C5227B79-301D-414F-BB12-F589CF47387B}.Debug|Any CPU.ActiveCfg = Debug|Any CPU
		{C5227B79-301D-414F-BB12-F589CF47387B}.Debug|Any CPU.Build.0 = Debug|Any CPU
		{C5227B79-301D-414F-BB12-F589CF47387B}.Release|Any CPU.ActiveCfg = Release|Any CPU
		{C5227B79-301D-414F-BB12-F589CF47387B}.Release|Any CPU.Build.0 = Release|Any CPU
		{62F9A2CC-568F-445C-BA28-69211C035832}.Debug|Any CPU.ActiveCfg = Debug|Any CPU
		{62F9A2CC-568F-445C-BA28-69211C035832}.Debug|Any CPU.Build.0 = Debug|Any CPU
		{62F9A2CC-568F-445C-BA28-69211C035832}.Release|Any CPU.ActiveCfg = Release|Any CPU
		{62F9A2CC-568F-445C-BA28-69211C035832}.Release|Any CPU.Build.0 = Release|Any CPU
		{6C82B913-761F-4491-8E00-D736F2ABE0C1}.Debug|Any CPU.ActiveCfg = Debug|Any CPU
		{6C82B913-761F-4491-8E00-D736F2ABE0C1}.Debug|Any CPU.Build.0 = Debug|Any CPU
		{6C82B913-761F-4491-8E00-D736F2ABE0C1}.Release|Any CPU.ActiveCfg = Release|Any CPU
		{6C82B913-761F-4491-8E00-D736F2ABE0C1}.Release|Any CPU.Build.0 = Release|Any CPU
		{147A0F77-500D-4A26-B16D-5F8FAB6FF134}.Debug|Any CPU.ActiveCfg = Debug|Any CPU
		{147A0F77-500D-4A26-B16D-5F8FAB6FF134}.Debug|Any CPU.Build.0 = Debug|Any CPU
		{147A0F77-500D-4A26-B16D-5F8FAB6FF134}.Release|Any CPU.ActiveCfg = Release|Any CPU
		{147A0F77-500D-4A26-B16D-5F8FAB6FF134}.Release|Any CPU.Build.0 = Release|Any CPU
		{3A369074-D3AE-47F2-A587-C1E359FF12CD}.Debug|Any CPU.ActiveCfg = Debug|Any CPU
		{3A369074-D3AE-47F2-A587-C1E359FF12CD}.Debug|Any CPU.Build.0 = Debug|Any CPU
		{3A369074-D3AE-47F2-A587-C1E359FF12CD}.Release|Any CPU.ActiveCfg = Release|Any CPU
		{3A369074-D3AE-47F2-A587-C1E359FF12CD}.Release|Any CPU.Build.0 = Release|Any CPU
		{7660E78F-F0B4-4DB1-9F81-EC4E16563FBA}.Debug|Any CPU.ActiveCfg = Debug|Any CPU
		{7660E78F-F0B4-4DB1-9F81-EC4E16563FBA}.Debug|Any CPU.Build.0 = Debug|Any CPU
		{7660E78F-F0B4-4DB1-9F81-EC4E16563FBA}.Release|Any CPU.ActiveCfg = Release|Any CPU
		{7660E78F-F0B4-4DB1-9F81-EC4E16563FBA}.Release|Any CPU.Build.0 = Release|Any CPU
		{661CB3B2-78D7-47E5-8F29-CA5CA496006D}.Debug|Any CPU.ActiveCfg = Debug|Any CPU
		{661CB3B2-78D7-47E5-8F29-CA5CA496006D}.Debug|Any CPU.Build.0 = Debug|Any CPU
		{661CB3B2-78D7-47E5-8F29-CA5CA496006D}.Release|Any CPU.ActiveCfg = Release|Any CPU
		{661CB3B2-78D7-47E5-8F29-CA5CA496006D}.Release|Any CPU.Build.0 = Release|Any CPU
		{0E1CEBB8-D3A4-4265-A21B-2DFDB2C6C8B6}.Debug|Any CPU.ActiveCfg = Debug|Any CPU
		{0E1CEBB8-D3A4-4265-A21B-2DFDB2C6C8B6}.Debug|Any CPU.Build.0 = Debug|Any CPU
		{0E1CEBB8-D3A4-4265-A21B-2DFDB2C6C8B6}.Release|Any CPU.ActiveCfg = Release|Any CPU
		{0E1CEBB8-D3A4-4265-A21B-2DFDB2C6C8B6}.Release|Any CPU.Build.0 = Release|Any CPU
		{36290127-F07E-4FCC-AF30-42A3C92926A3}.Debug|Any CPU.ActiveCfg = Debug|Any CPU
		{36290127-F07E-4FCC-AF30-42A3C92926A3}.Debug|Any CPU.Build.0 = Debug|Any CPU
		{36290127-F07E-4FCC-AF30-42A3C92926A3}.Release|Any CPU.ActiveCfg = Release|Any CPU
		{36290127-F07E-4FCC-AF30-42A3C92926A3}.Release|Any CPU.Build.0 = Release|Any CPU
		{238B56BD-1575-405A-BF5D-A65D290350A9}.Debug|Any CPU.ActiveCfg = Debug|Any CPU
		{238B56BD-1575-405A-BF5D-A65D290350A9}.Debug|Any CPU.Build.0 = Debug|Any CPU
		{238B56BD-1575-405A-BF5D-A65D290350A9}.Release|Any CPU.ActiveCfg = Release|Any CPU
		{238B56BD-1575-405A-BF5D-A65D290350A9}.Release|Any CPU.Build.0 = Release|Any CPU
		{5DEF9B92-99C8-4404-AD79-BE0757215A59}.Debug|Any CPU.ActiveCfg = Debug|Any CPU
		{5DEF9B92-99C8-4404-AD79-BE0757215A59}.Debug|Any CPU.Build.0 = Debug|Any CPU
		{5DEF9B92-99C8-4404-AD79-BE0757215A59}.Release|Any CPU.ActiveCfg = Release|Any CPU
		{5DEF9B92-99C8-4404-AD79-BE0757215A59}.Release|Any CPU.Build.0 = Release|Any CPU
		{B2BDBB51-2FC2-42A9-A112-82ADDC9035E5}.Debug|Any CPU.ActiveCfg = Debug|Any CPU
		{B2BDBB51-2FC2-42A9-A112-82ADDC9035E5}.Debug|Any CPU.Build.0 = Debug|Any CPU
		{B2BDBB51-2FC2-42A9-A112-82ADDC9035E5}.Release|Any CPU.ActiveCfg = Release|Any CPU
		{B2BDBB51-2FC2-42A9-A112-82ADDC9035E5}.Release|Any CPU.Build.0 = Release|Any CPU
		{833E7B6C-0BF3-43FF-BC25-7391533DA8A3}.Debug|Any CPU.ActiveCfg = Debug|Any CPU
		{833E7B6C-0BF3-43FF-BC25-7391533DA8A3}.Debug|Any CPU.Build.0 = Debug|Any CPU
		{833E7B6C-0BF3-43FF-BC25-7391533DA8A3}.Release|Any CPU.ActiveCfg = Release|Any CPU
		{833E7B6C-0BF3-43FF-BC25-7391533DA8A3}.Release|Any CPU.Build.0 = Release|Any CPU
		{F92D7BBD-CB7F-4421-83AE-2C0A46B00333}.Debug|Any CPU.ActiveCfg = Debug|Any CPU
		{F92D7BBD-CB7F-4421-83AE-2C0A46B00333}.Debug|Any CPU.Build.0 = Debug|Any CPU
		{F92D7BBD-CB7F-4421-83AE-2C0A46B00333}.Release|Any CPU.ActiveCfg = Release|Any CPU
		{F92D7BBD-CB7F-4421-83AE-2C0A46B00333}.Release|Any CPU.Build.0 = Release|Any CPU
	EndGlobalSection
	GlobalSection(SolutionProperties) = preSolution
		HideSolutionNode = FALSE
	EndGlobalSection
	GlobalSection(NestedProjects) = preSolution
		{07B52B01-FD80-4E2A-A2FA-32AD7DE9BAB7} = {63C64454-F2DE-4A3F-8766-94B908B8786D}
		{FC8D2B6F-7597-430A-AF11-9E3C61CEE9E2} = {63C64454-F2DE-4A3F-8766-94B908B8786D}
		{2D40D8E5-0F66-4EBF-A003-8CA6864CF906} = {FC8D2B6F-7597-430A-AF11-9E3C61CEE9E2}
		{41EB3D1A-F2F3-4E36-B518-1889D5B505D0} = {FC8D2B6F-7597-430A-AF11-9E3C61CEE9E2}
		{D874F240-0F74-4E33-8967-5008BC357FD5} = {356D94A0-AD12-40C0-834E-7A884CEC429B}
		{70A1CE1D-83AB-4039-9A8C-BE3C55480FE0} = {80312DFB-508D-4CAC-B8D2-61CCC9328653}
		{D25E5555-FD84-49E6-AFEC-1F9449896D38} = {80312DFB-508D-4CAC-B8D2-61CCC9328653}
		{DEB827F0-904D-4220-ABF7-C0A04C825B14} = {F6BFE05D-1AEF-494C-8256-6F0475BB596D}
		{7BC73DCE-0BB0-4C31-AA98-9AB2AB67779E} = {F6BFE05D-1AEF-494C-8256-6F0475BB596D}
		{BDE39E5C-7374-4272-A0B4-95D981DC9566} = {F6BFE05D-1AEF-494C-8256-6F0475BB596D}
		{9BBA318A-AE9B-452F-AC81-F614A288BBFE} = {F6BFE05D-1AEF-494C-8256-6F0475BB596D}
		{C9A0F0BA-A2CF-4AC8-BEF3-4CE3B779982A} = {F6BFE05D-1AEF-494C-8256-6F0475BB596D}
		{C3E95F7B-C9C7-4F2B-B17F-8FCCA992B4BF} = {E5586B9A-26FD-41F0-801F-42A95E3C34BC}
		{E5586B9A-26FD-41F0-801F-42A95E3C34BC} = {EC7F8097-05DE-40F7-B0EF-5B220F746842}
		{9CC52536-473C-4A0F-A728-AA8DCF48FB78} = {A891B553-F0FB-48CB-AFD3-649DE3BDF30E}
		{A891B553-F0FB-48CB-AFD3-649DE3BDF30E} = {EC7F8097-05DE-40F7-B0EF-5B220F746842}
		{23DEFF5D-C647-4C69-BB05-80EBD9B8632A} = {EC7F8097-05DE-40F7-B0EF-5B220F746842}
		{BD018643-8FCD-47F1-97DE-465551CFDA38} = {23DEFF5D-C647-4C69-BB05-80EBD9B8632A}
		{94FAFF37-5FAF-4447-B029-7AC9D55C384B} = {EC7F8097-05DE-40F7-B0EF-5B220F746842}
		{73A36B0B-E88A-4552-843C-C469EE83FB0F} = {94FAFF37-5FAF-4447-B029-7AC9D55C384B}
		{77092EBC-F4A8-49C3-9327-54517DE0033B} = {EC7F8097-05DE-40F7-B0EF-5B220F746842}
		{F276E5DA-C582-458C-99B8-35705F30A04A} = {77092EBC-F4A8-49C3-9327-54517DE0033B}
		{DA47E686-7BB0-4A6E-B732-4E9327C9D90E} = {EC7F8097-05DE-40F7-B0EF-5B220F746842}
		{DE166AC5-0954-458E-99D8-D716401C945E} = {DA47E686-7BB0-4A6E-B732-4E9327C9D90E}
		{958D6469-B6BD-4E58-A8B5-2620CE93E900} = {F6BFE05D-1AEF-494C-8256-6F0475BB596D}
		{DA3D31A3-A1C1-47D5-B2F5-4F860CF2379D} = {F6BFE05D-1AEF-494C-8256-6F0475BB596D}
		{C9E193CB-09FC-408C-9655-64A3CD2DB502} = {F6BFE05D-1AEF-494C-8256-6F0475BB596D}
		{C5227B79-301D-414F-BB12-F589CF47387B} = {55C49E0D-F7ED-4A87-9D06-05D327CFF84E}
		{62F9A2CC-568F-445C-BA28-69211C035832} = {55C49E0D-F7ED-4A87-9D06-05D327CFF84E}
		{6C82B913-761F-4491-8E00-D736F2ABE0C1} = {F6BFE05D-1AEF-494C-8256-6F0475BB596D}
		{147A0F77-500D-4A26-B16D-5F8FAB6FF134} = {F6BFE05D-1AEF-494C-8256-6F0475BB596D}
		{3A369074-D3AE-47F2-A587-C1E359FF12CD} = {F6BFE05D-1AEF-494C-8256-6F0475BB596D}
		{7660E78F-F0B4-4DB1-9F81-EC4E16563FBA} = {F6BFE05D-1AEF-494C-8256-6F0475BB596D}
		{661CB3B2-78D7-47E5-8F29-CA5CA496006D} = {F6BFE05D-1AEF-494C-8256-6F0475BB596D}
		{0E1CEBB8-D3A4-4265-A21B-2DFDB2C6C8B6} = {F6BFE05D-1AEF-494C-8256-6F0475BB596D}
		{36290127-F07E-4FCC-AF30-42A3C92926A3} = {F6BFE05D-1AEF-494C-8256-6F0475BB596D}
		{238B56BD-1575-405A-BF5D-A65D290350A9} = {5C39F78A-A733-48CB-B232-8E15259D3C9E}
		{5DEF9B92-99C8-4404-AD79-BE0757215A59} = {5C39F78A-A733-48CB-B232-8E15259D3C9E}
		{B2BDBB51-2FC2-42A9-A112-82ADDC9035E5} = {5C39F78A-A733-48CB-B232-8E15259D3C9E}
		{833E7B6C-0BF3-43FF-BC25-7391533DA8A3} = {5C39F78A-A733-48CB-B232-8E15259D3C9E}
		{5C39F78A-A733-48CB-B232-8E15259D3C9E} = {B7200BC4-8A8B-4F1E-B6C7-3F6E62CB2697}
		{1A30FEB5-69DD-44E0-9A15-09CD03400082} = {B7200BC4-8A8B-4F1E-B6C7-3F6E62CB2697}
		{F92D7BBD-CB7F-4421-83AE-2C0A46B00333} = {1A30FEB5-69DD-44E0-9A15-09CD03400082}
	EndGlobalSection
	GlobalSection(ExtensibilityGlobals) = postSolution
		SolutionGuid = {98159092-4EA8-4738-968B-D05C18EA9704}
	EndGlobalSection
EndGlobal
